
Microsoft Visual Studio Solution File, Format Version 12.00
# Visual Studio Express 14 for Windows Desktop
VisualStudioVersion = 14.0.25420.1
MinimumVisualStudioVersion = 10.0.40219.1
Project("{FAE04EC0-301F-11D3-BF4B-00C04F79EFBC}") = "Unreal_Adapter", "Unreal_Adapter\Unreal_Adapter.csproj", "{E439A03A-0265-48FF-B6B2-AA41A14632D2}"
	ProjectSection(ProjectDependencies) = postProject
		{71F13F84-6DD2-429D-A3B4-51F50DC344BF} = {71F13F84-6DD2-429D-A3B4-51F50DC344BF}
	EndProjectSection
EndProject
Project("{FAE04EC0-301F-11D3-BF4B-00C04F79EFBC}") = "Unreal_Engine", "Unreal_Engine\Unreal_Engine.csproj", "{71F13F84-6DD2-429D-A3B4-51F50DC344BF}"
EndProject
Project("{FAE04EC0-301F-11D3-BF4B-00C04F79EFBC}") = "Unreal_oM", "Unreal_oM\Unreal_oM_Engine\Unreal_oM.csproj", "{FF6F3B8F-620C-42E6-8136-B1BDA55F94A7}"
EndProject
Global
	GlobalSection(SolutionConfigurationPlatforms) = preSolution
		Debug|Any CPU = Debug|Any CPU
		Release|Any CPU = Release|Any CPU
	EndGlobalSection
	GlobalSection(ProjectConfigurationPlatforms) = postSolution
		{E439A03A-0265-48FF-B6B2-AA41A14632D2}.Debug|Any CPU.ActiveCfg = Debug|Any CPU
		{E439A03A-0265-48FF-B6B2-AA41A14632D2}.Debug|Any CPU.Build.0 = Debug|Any CPU
		{E439A03A-0265-48FF-B6B2-AA41A14632D2}.Release|Any CPU.ActiveCfg = Release|Any CPU
		{E439A03A-0265-48FF-B6B2-AA41A14632D2}.Release|Any CPU.Build.0 = Release|Any CPU
		{71F13F84-6DD2-429D-A3B4-51F50DC344BF}.Debug|Any CPU.ActiveCfg = Debug|Any CPU
		{71F13F84-6DD2-429D-A3B4-51F50DC344BF}.Debug|Any CPU.Build.0 = Debug|Any CPU
		{71F13F84-6DD2-429D-A3B4-51F50DC344BF}.Release|Any CPU.ActiveCfg = Release|Any CPU
		{71F13F84-6DD2-429D-A3B4-51F50DC344BF}.Release|Any CPU.Build.0 = Release|Any CPU
		{FF6F3B8F-620C-42E6-8136-B1BDA55F94A7}.Debug|Any CPU.ActiveCfg = Debug|Any CPU
		{FF6F3B8F-620C-42E6-8136-B1BDA55F94A7}.Debug|Any CPU.Build.0 = Debug|Any CPU
		{FF6F3B8F-620C-42E6-8136-B1BDA55F94A7}.Release|Any CPU.ActiveCfg = Release|Any CPU
		{FF6F3B8F-620C-42E6-8136-B1BDA55F94A7}.Release|Any CPU.Build.0 = Release|Any CPU
	EndGlobalSection
	GlobalSection(SolutionProperties) = preSolution
		HideSolutionNode = FALSE
	EndGlobalSection
EndGlobal
